
Microsoft Visual Studio Solution File, Format Version 12.00
# Visual Studio Version 17
VisualStudioVersion = 17.5.33414.496
MinimumVisualStudioVersion = 10.0.40219.1
Project("{FAE04EC0-301F-11D3-BF4B-00C04F79EFBC}") = "WebApplication3", "WebApplication3\WebApplication3.csproj", "{7DF2CFE0-A965-4167-9237-A2FBC7A94F5C}"
EndProject
Global
	GlobalSection(SolutionConfigurationPlatforms) = preSolution
		Debug|Any CPU = Debug|Any CPU
		Release|Any CPU = Release|Any CPU
	EndGlobalSection
	GlobalSection(ProjectConfigurationPlatforms) = postSolution
		{7DF2CFE0-A965-4167-9237-A2FBC7A94F5C}.Debug|Any CPU.ActiveCfg = Debug|Any CPU
		{7DF2CFE0-A965-4167-9237-A2FBC7A94F5C}.Debug|Any CPU.Build.0 = Debug|Any CPU
		{7DF2CFE0-A965-4167-9237-A2FBC7A94F5C}.Release|Any CPU.ActiveCfg = Release|Any CPU
		{7DF2CFE0-A965-4167-9237-A2FBC7A94F5C}.Release|Any CPU.Build.0 = Release|Any CPU
	EndGlobalSection
	GlobalSection(SolutionProperties) = preSolution
		HideSolutionNode = FALSE
	EndGlobalSection
	GlobalSection(ExtensibilityGlobals) = postSolution
		SolutionGuid = {03AF7613-C6E4-4FBF-A316-2506F752A75F}
	EndGlobalSection
EndGlobal
